
Microsoft Visual Studio Solution File, Format Version 12.00
# Visual Studio Version 17
VisualStudioVersion = 17.0.31903.59
MinimumVisualStudioVersion = 10.0.40219.1
Project("{2150E333-8FDC-42A3-9474-1A3956D46DE8}") = "src", "src", "{FBC89C7E-BC4C-4E8D-8807-0FF9651ABF83}"
EndProject
Project("{FAE04EC0-301F-11D3-BF4B-00C04F79EFBC}") = "WKAppBot.Core", "src\WKAppBot.Core\WKAppBot.Core.csproj", "{22250500-0857-44BB-97EA-4AF6AB5426D1}"
EndProject
Project("{FAE04EC0-301F-11D3-BF4B-00C04F79EFBC}") = "WKAppBot.Win32", "src\WKAppBot.Win32\WKAppBot.Win32.csproj", "{DEF61CCA-26F8-44AB-B2C6-DA8A2F8295DB}"
EndProject
Project("{FAE04EC0-301F-11D3-BF4B-00C04F79EFBC}") = "WKAppBot.Report", "src\WKAppBot.Report\WKAppBot.Report.csproj", "{98141B27-E645-4DEE-AE82-392C7537086F}"
EndProject
Project("{FAE04EC0-301F-11D3-BF4B-00C04F79EFBC}") = "WKAppBot.CLI", "src\WKAppBot.CLI\WKAppBot.CLI.csproj", "{0B81127A-CF1B-4326-A65D-AE5A98B3C9EA}"
EndProject
Project("{FAE04EC0-301F-11D3-BF4B-00C04F79EFBC}") = "WKAppBot.Launcher", "src\WKAppBot.Launcher\WKAppBot.Launcher.csproj", "{A1B2C3D4-E5F6-7890-ABCD-EF1234567890}"
EndProject
Project("{FAE04EC0-301F-11D3-BF4B-00C04F79EFBC}") = "WKAppBot.WebBot", "src\WKAppBot.WebBot\WKAppBot.WebBot.csproj", "{5F1047F5-C847-4DB2-BA24-FCCE130E4D12}"
EndProject
Project("{FAE04EC0-301F-11D3-BF4B-00C04F79EFBC}") = "WKAppBot.KiwoomProxy", "src\WKAppBot.KiwoomProxy\WKAppBot.KiwoomProxy.csproj", "{5F919B55-84B6-492C-A69F-29F6B5ADAC3E}"
EndProject
Project("{2150E333-8FDC-42A3-9474-1A3956D46DE8}") = "tests", "tests", "{E0BB24A2-16EB-4AB7-ADBD-1AB916B61AC8}"
EndProject
Project("{FAE04EC0-301F-11D3-BF4B-00C04F79EFBC}") = "WKAppBot.Tests", "tests\WKAppBot.Tests\WKAppBot.Tests.csproj", "{15CA684A-A6A1-4720-AC43-854FD1726F92}"
EndProject
Project("{FAE04EC0-301F-11D3-BF4B-00C04F79EFBC}") = "WKAppBot.Abstractions", "src\WKAppBot.Abstractions\WKAppBot.Abstractions.csproj", "{280689F6-1C42-4FCC-B3E8-32F8A4FA2B9E}"
EndProject
Global
	GlobalSection(SolutionConfigurationPlatforms) = preSolution
		Debug|Any CPU = Debug|Any CPU
		Release|Any CPU = Release|Any CPU
	EndGlobalSection
	GlobalSection(SolutionProperties) = preSolution
		HideSolutionNode = FALSE
	EndGlobalSection
	GlobalSection(ProjectConfigurationPlatforms) = postSolution
		{22250500-0857-44BB-97EA-4AF6AB5426D1}.Debug|Any CPU.ActiveCfg = Debug|Any CPU
		{22250500-0857-44BB-97EA-4AF6AB5426D1}.Debug|Any CPU.Build.0 = Debug|Any CPU
		{22250500-0857-44BB-97EA-4AF6AB5426D1}.Release|Any CPU.ActiveCfg = Release|Any CPU
		{22250500-0857-44BB-97EA-4AF6AB5426D1}.Release|Any CPU.Build.0 = Release|Any CPU
		{DEF61CCA-26F8-44AB-B2C6-DA8A2F8295DB}.Debug|Any CPU.ActiveCfg = Debug|Any CPU
		{DEF61CCA-26F8-44AB-B2C6-DA8A2F8295DB}.Debug|Any CPU.Build.0 = Debug|Any CPU
		{DEF61CCA-26F8-44AB-B2C6-DA8A2F8295DB}.Release|Any CPU.ActiveCfg = Release|Any CPU
		{DEF61CCA-26F8-44AB-B2C6-DA8A2F8295DB}.Release|Any CPU.Build.0 = Release|Any CPU
		{98141B27-E645-4DEE-AE82-392C7537086F}.Debug|Any CPU.ActiveCfg = Debug|Any CPU
		{98141B27-E645-4DEE-AE82-392C7537086F}.Debug|Any CPU.Build.0 = Debug|Any CPU
		{98141B27-E645-4DEE-AE82-392C7537086F}.Release|Any CPU.ActiveCfg = Release|Any CPU
		{98141B27-E645-4DEE-AE82-392C7537086F}.Release|Any CPU.Build.0 = Release|Any CPU
		{0B81127A-CF1B-4326-A65D-AE5A98B3C9EA}.Debug|Any CPU.ActiveCfg = Debug|Any CPU
		{0B81127A-CF1B-4326-A65D-AE5A98B3C9EA}.Debug|Any CPU.Build.0 = Debug|Any CPU
		{0B81127A-CF1B-4326-A65D-AE5A98B3C9EA}.Release|Any CPU.ActiveCfg = Release|Any CPU
		{0B81127A-CF1B-4326-A65D-AE5A98B3C9EA}.Release|Any CPU.Build.0 = Release|Any CPU
		{5F1047F5-C847-4DB2-BA24-FCCE130E4D12}.Debug|Any CPU.ActiveCfg = Debug|Any CPU
		{5F1047F5-C847-4DB2-BA24-FCCE130E4D12}.Debug|Any CPU.Build.0 = Debug|Any CPU
		{5F1047F5-C847-4DB2-BA24-FCCE130E4D12}.Release|Any CPU.ActiveCfg = Release|Any CPU
		{5F1047F5-C847-4DB2-BA24-FCCE130E4D12}.Release|Any CPU.Build.0 = Release|Any CPU
		{5F919B55-84B6-492C-A69F-29F6B5ADAC3E}.Debug|Any CPU.ActiveCfg = Debug|Any CPU
		{5F919B55-84B6-492C-A69F-29F6B5ADAC3E}.Debug|Any CPU.Build.0 = Debug|Any CPU
		{5F919B55-84B6-492C-A69F-29F6B5ADAC3E}.Release|Any CPU.ActiveCfg = Release|Any CPU
		{5F919B55-84B6-492C-A69F-29F6B5ADAC3E}.Release|Any CPU.Build.0 = Release|Any CPU
		{15CA684A-A6A1-4720-AC43-854FD1726F92}.Debug|Any CPU.ActiveCfg = Debug|Any CPU
		{15CA684A-A6A1-4720-AC43-854FD1726F92}.Debug|Any CPU.Build.0 = Debug|Any CPU
		{15CA684A-A6A1-4720-AC43-854FD1726F92}.Release|Any CPU.ActiveCfg = Release|Any CPU
		{15CA684A-A6A1-4720-AC43-854FD1726F92}.Release|Any CPU.Build.0 = Release|Any CPU
		{280689F6-1C42-4FCC-B3E8-32F8A4FA2B9E}.Debug|Any CPU.ActiveCfg = Debug|Any CPU
		{280689F6-1C42-4FCC-B3E8-32F8A4FA2B9E}.Debug|Any CPU.Build.0 = Debug|Any CPU
		{280689F6-1C42-4FCC-B3E8-32F8A4FA2B9E}.Release|Any CPU.ActiveCfg = Release|Any CPU
		{280689F6-1C42-4FCC-B3E8-32F8A4FA2B9E}.Release|Any CPU.Build.0 = Release|Any CPU
		{A1B2C3D4-E5F6-7890-ABCD-EF1234567890}.Debug|Any CPU.ActiveCfg = Debug|Any CPU
		{A1B2C3D4-E5F6-7890-ABCD-EF1234567890}.Debug|Any CPU.Build.0 = Debug|Any CPU
		{A1B2C3D4-E5F6-7890-ABCD-EF1234567890}.Release|Any CPU.ActiveCfg = Release|Any CPU
		{A1B2C3D4-E5F6-7890-ABCD-EF1234567890}.Release|Any CPU.Build.0 = Release|Any CPU
	EndGlobalSection
	GlobalSection(NestedProjects) = preSolution
		{22250500-0857-44BB-97EA-4AF6AB5426D1} = {FBC89C7E-BC4C-4E8D-8807-0FF9651ABF83}
		{DEF61CCA-26F8-44AB-B2C6-DA8A2F8295DB} = {FBC89C7E-BC4C-4E8D-8807-0FF9651ABF83}
		{98141B27-E645-4DEE-AE82-392C7537086F} = {FBC89C7E-BC4C-4E8D-8807-0FF9651ABF83}
		{0B81127A-CF1B-4326-A65D-AE5A98B3C9EA} = {FBC89C7E-BC4C-4E8D-8807-0FF9651ABF83}
		{A1B2C3D4-E5F6-7890-ABCD-EF1234567890} = {FBC89C7E-BC4C-4E8D-8807-0FF9651ABF83}
		{5F1047F5-C847-4DB2-BA24-FCCE130E4D12} = {FBC89C7E-BC4C-4E8D-8807-0FF9651ABF83}
		{5F919B55-84B6-492C-A69F-29F6B5ADAC3E} = {FBC89C7E-BC4C-4E8D-8807-0FF9651ABF83}
		{15CA684A-A6A1-4720-AC43-854FD1726F92} = {E0BB24A2-16EB-4AB7-ADBD-1AB916B61AC8}
		{280689F6-1C42-4FCC-B3E8-32F8A4FA2B9E} = {FBC89C7E-BC4C-4E8D-8807-0FF9651ABF83}
	EndGlobalSection
EndGlobal
